
Microsoft Visual Studio Solution File, Format Version 12.00
# Visual Studio Version 17
VisualStudioVersion = 17.10.35013.160
MinimumVisualStudioVersion = 10.0.40219.1
Project("{888888A0-9F3D-457C-B088-3A5042F75D52}") = "site2", "site2\site2.pyproj", "{BFC19042-649A-415B-8ECB-113A1387B7D9}"
EndProject
Global
	GlobalSection(SolutionConfigurationPlatforms) = preSolution
		Debug|Any CPU = Debug|Any CPU
		Release|Any CPU = Release|Any CPU
	EndGlobalSection
	GlobalSection(ProjectConfigurationPlatforms) = postSolution
		{BFC19042-649A-415B-8ECB-113A1387B7D9}.Debug|Any CPU.ActiveCfg = Debug|Any CPU
		{BFC19042-649A-415B-8ECB-113A1387B7D9}.Debug|Any CPU.Build.0 = Debug|Any CPU
		{BFC19042-649A-415B-8ECB-113A1387B7D9}.Release|Any CPU.ActiveCfg = Release|Any CPU
		{BFC19042-649A-415B-8ECB-113A1387B7D9}.Release|Any CPU.Build.0 = Release|Any CPU
	EndGlobalSection
	GlobalSection(SolutionProperties) = preSolution
		HideSolutionNode = FALSE
	EndGlobalSection
	GlobalSection(ExtensibilityGlobals) = postSolution
		SolutionGuid = {AC630ECB-6398-4D77-B809-F665D103DB29}
	EndGlobalSection
EndGlobal
